// !$*UTF8*$!
{
	archiveVersion = 1;
	classes = {
	};
	objectVersion = 46;
	objects = {

/* Begin PBXBuildFile section */
		9529EA80205CFBD200AF3198 /* main.cpp in Sources */ = {isa = PBXBuildFile; fileRef = 9529EA7D205CFBD200AF3198 /* main.cpp */; };
		9529EA81205CFBD200AF3198 /* FBullCowGame.cpp in Sources */ = {isa = PBXBuildFile; fileRef = 9529EA7F205CFBD200AF3198 /* FBullCowGame.cpp */; };
/* End PBXBuildFile section */

/* Begin PBXCopyFilesBuildPhase section */
		9529EA70205CFBB200AF3198 /* CopyFiles */ = {
			isa = PBXCopyFilesBuildPhase;
			buildActionMask = 2147483647;
			dstPath = /usr/share/man/man1/;
			dstSubfolderSpec = 0;
			files = (
			);
			runOnlyForDeploymentPostprocessing = 1;
		};
/* End PBXCopyFilesBuildPhase section */

/* Begin PBXFileReference section */
		9529EA72205CFBB200AF3198 /* BullCowGameMac */ = {isa = PBXFileReference; explicitFileType = "compiled.mach-o.executable"; includeInIndex = 0; path = BullCowGameMac; sourceTree = BUILT_PRODUCTS_DIR; };
		9529EA7C205CFBD200AF3198 /* main.h */ = {isa = PBXFileReference; fileEncoding = 4; lastKnownFileType = sourcecode.c.h; name = main.h; path = ../BullCowGame/main.h; sourceTree = "<group>"; };
		9529EA7D205CFBD200AF3198 /* main.cpp */ = {isa = PBXFileReference; fileEncoding = 4; lastKnownFileType = sourcecode.cpp.cpp; name = main.cpp; path = ../BullCowGame/main.cpp; sourceTree = "<group>"; };
		9529EA7E205CFBD200AF3198 /* FBullCowGame.h */ = {isa = PBXFileReference; fileEncoding = 4; lastKnownFileType = sourcecode.c.h; name = FBullCowGame.h; path = ../BullCowGame/FBullCowGame.h; sourceTree = "<group>"; };
		9529EA7F205CFBD200AF3198 /* FBullCowGame.cpp */ = {isa = PBXFileReference; fileEncoding = 4; lastKnownFileType = sourcecode.cpp.cpp; name = FBullCowGame.cpp; path = ../BullCowGame/FBullCowGame.cpp; sourceTree = "<group>"; };
/* End PBXFileReference section */

/* Begin PBXFrameworksBuildPhase section */
		9529EA6F205CFBB200AF3198 /* Frameworks */ = {
			isa = PBXFrameworksBuildPhase;
			buildActionMask = 2147483647;
			files = (
			);
			runOnlyForDeploymentPostprocessing = 0;
		};
/* End PBXFrameworksBuildPhase section */

/* Begin PBXGroup section */
		9529EA69205CFBB200AF3198 = {
			isa = PBXGroup;
			children = (
				9529EA74205CFBB200AF3198 /* BullCowGameMac */,
				9529EA73205CFBB200AF3198 /* Products */,
			);
			sourceTree = "<group>";
		};
		9529EA73205CFBB200AF3198 /* Products */ = {
			isa = PBXGroup;
			children = (
				9529EA72205CFBB200AF3198 /* BullCowGameMac */,
			);
			name = Products;
			sourceTree = "<group>";
		};
		9529EA74205CFBB200AF3198 /* BullCowGameMac */ = {
			isa = PBXGroup;
			children = (
				9529EA7C205CFBD200AF3198 /* main.h */,
				9529EA7D205CFBD200AF3198 /* main.cpp */,
				9529EA7E205CFBD200AF3198 /* FBullCowGame.h */,
				9529EA7F205CFBD200AF3198 /* FBullCowGame.cpp */,
			);
			name = BullCowGameMac;
			sourceTree = SOURCE_ROOT;
		};
/* End PBXGroup section */

/* Begin PBXNativeTarget section */
		9529EA71205CFBB200AF3198 /* BullCowGameMac */ = {
			isa = PBXNativeTarget;
			buildConfigurationList = 9529EA79205CFBB200AF3198 /* Build configuration list for PBXNativeTarget "BullCowGameMac" */;
			buildPhases = (
				9529EA6E205CFBB200AF3198 /* Sources */,
				9529EA6F205CFBB200AF3198 /* Frameworks */,
				9529EA70205CFBB200AF3198 /* CopyFiles */,
			);
			buildRules = (
			);
			dependencies = (
			);
			name = BullCowGameMac;
			productName = BullCowGameMac;
			productReference = 9529EA72205CFBB200AF3198 /* BullCowGameMac */;
			productType = "com.apple.product-type.tool";
		};
/* End PBXNativeTarget section */

/* Begin PBXProject section */
		9529EA6A205CFBB200AF3198 /* Project object */ = {
			isa = PBXProject;
			attributes = {
				LastUpgradeCheck = 0820;
				ORGANIZATIONNAME = "";
				TargetAttributes = {
					9529EA71205CFBB200AF3198 = {
						CreatedOnToolsVersion = 8.2;
						ProvisioningStyle = Automatic;
					};
				};
			};
			buildConfigurationList = 9529EA6D205CFBB200AF3198 /* Build configuration list for PBXProject "BullCowGameMac" */;
			compatibilityVersion = "Xcode 3.2";
			developmentRegion = English;
			hasScannedForEncodings = 0;
			knownRegions = (
				en,
			);
			mainGroup = 9529EA69205CFBB200AF3198;
			productRefGroup = 9529EA73205CFBB200AF3198 /* Products */;
			projectDirPath = "";
			projectRoot = "";
			targets = (
				9529EA71205CFBB200AF3198 /* BullCowGameMac */,
			);
		};
/* End PBXProject section */

/* Begin PBXSourcesBuildPhase section */
		9529EA6E205CFBB200AF3198 /* Sources */ = {
			isa = PBXSourcesBuildPhase;
			buildActionMask = 2147483647;
			files = (
				9529EA80205CFBD200AF3198 /* main.cpp in Sources */,
				9529EA81205CFBD200AF3198 /* FBullCowGame.cpp in Sources */,
			);
			runOnlyForDeploymentPostprocessing = 0;
		};
/* End PBXSourcesBuildPhase section */

/* Begin XCBuildConfiguration section */
		9529EA77205CFBB200AF3198 /* Debug */ = {
			isa = XCBuildConfiguration;
			buildSettings = {
				ALWAYS_SEARCH_USER_PATHS = NO;
				CLANG_ANALYZER_NONNULL = YES;
				CLANG_CXX_LANGUAGE_STANDARD = "gnu++0x";
				CLANG_CXX_LIBRARY = "libc++";
				CLANG_ENABLE_MODULES = YES;
				CLANG_ENABLE_OBJC_ARC = YES;
				CLANG_WARN_BOOL_CONVERSION = YES;
				CLANG_WARN_CONSTANT_CONVERSION = YES;
				CLANG_WARN_DIRECT_OBJC_ISA_USAGE = YES_ERROR;
				CLANG_WARN_DOCUMENTATION_COMMENTS = YES;
				CLANG_WARN_EMPTY_BODY = YES;
				CLANG_WARN_ENUM_CONVERSION = YES;
				CLANG_WARN_INFINITE_RECURSION = YES;
				CLANG_WARN_INT_CONVERSION = YES;
				CLANG_WARN_OBJC_ROOT_CLASS = YES_ERROR;
				CLANG_WARN_SUSPICIOUS_MOVE = YES;
				CLANG_WARN_UNREACHABLE_CODE = YES;
				CLANG_WARN__DUPLICATE_METHOD_MATCH = YES;
				CODE_SIGN_IDENTITY = "-";
				COPY_PHASE_STRIP = NO;
				DEBUG_INFORMATION_FORMAT = dwarf;
				ENABLE_STRICT_OBJC_MSGSEND = YES;
				ENABLE_TESTABILITY = YES;
				GCC_C_LANGUAGE_STANDARD = gnu99;
				GCC_DYNAMIC_NO_PIC = NO;
				GCC_NO_COMMON_BLOCKS = YES;
				GCC_OPTIMIZATION_LEVEL = 0;
				GCC_PREPROCESSOR_DEFINITIONS = (
					"DEBUG=1",
					"$(inherited)",
				);
				GCC_WARN_64_TO_32_BIT_CONVERSION = YES;
				GCC_WARN_ABOUT_RETURN_TYPE = YES_ERROR;
				GCC_WARN_UNDECLARED_SELECTOR = YES;
				GCC_WARN_UNINITIALIZED_AUTOS = YES_AGGRESSIVE;
				GCC_WARN_UNUSED_FUNCTION = YES;
				GCC_WARN_UNUSED_VARIABLE = YES;
				MACOSX_DEPLOYMENT_TARGET = 10.13;
				MTL_ENABLE_DEBUG_INFO = YES;
				ONLY_ACTIVE_ARCH = YES;
				SDKROOT = macosx;
			};
			name = Debug;
		};
		9529EA78205CFBB200AF3198 /* Release */ = {
			isa = XCBuildConfiguration;
			buildSettings = {
				ALWAYS_SEARCH_USER_PATHS = NO;
				CLANG_ANALYZER_NONNULL = YES;
				CLANG_CXX_LANGUAGE_STANDARD = "gnu++0x";
				CLANG_CXX_LIBRARY = "libc++";
				CLANG_ENABLE_MODULES = YES;
				CLANG_ENABLE_OBJC_ARC = YES;
				CLANG_WARN_BOOL_CONVERSION = YES;
				CLANG_WARN_CONSTANT_CONVERSION = YES;
				CLANG_WARN_DIRECT_OBJC_ISA_USAGE = YES_ERROR;
				CLANG_WARN_DOCUMENTATION_COMMENTS = YES;
				CLANG_WARN_EMPTY_BODY = YES;
				CLANG_WARN_ENUM_CONVERSION = YES;
				CLANG_WARN_INFINITE_RECURSION = YES;
				CLANG_WARN_INT_CONVERSION = YES;
				CLANG_WARN_OBJC_ROOT_CLASS = YES_ERROR;
				CLANG_WARN_SUSPICIOUS_MOVE = YES;
				CLANG_WARN_UNREACHABLE_CODE = YES;
				CLANG_WARN__DUPLICATE_METHOD_MATCH = YES;
				CODE_SIGN_IDENTITY = "-";
				COPY_PHASE_STRIP = NO;
				DEBUG_INFORMATION_FORMAT = "dwarf-with-dsym";
				ENABLE_NS_ASSERTIONS = NO;
				ENABLE_STRICT_OBJC_MSGSEND = YES;
				GCC_C_LANGUAGE_STANDARD = gnu99;
				GCC_NO_COMMON_BLOCKS = YES;
				GCC_WARN_64_TO_32_BIT_CONVERSION = YES;
				GCC_WARN_ABOUT_RETURN_TYPE = YES_ERROR;
				GCC_WARN_UNDECLARED_SELECTOR = YES;
				GCC_WARN_UNINITIALIZED_AUTOS = YES_AGGRESSIVE;
				GCC_WARN_UNUSED_FUNCTION = YES;
				GCC_WARN_UNUSED_VARIABLE = YES;
				MACOSX_DEPLOYMENT_TARGET = 10.13;
				MTL_ENABLE_DEBUG_INFO = NO;
				SDKROOT = macosx;
			};
			name = Release;
		};
		9529EA7A205CFBB200AF3198 /* Debug */ = {
			isa = XCBuildConfiguration;
			buildSettings = {
				PRODUCT_NAME = "$(TARGET_NAME)";
			};
			name = Debug;
		};
		9529EA7B205CFBB200AF3198 /* Release */ = {
			isa = XCBuildConfiguration;
			buildSettings = {
				PRODUCT_NAME = "$(TARGET_NAME)";
			};
			name = Release;
		};
/* End XCBuildConfiguration section */

/* Begin XCConfigurationList section */
		9529EA6D205CFBB200AF3198 /* Build configuration list for PBXProject "BullCowGameMac" */ = {
			isa = XCConfigurationList;
			buildConfigurations = (
				9529EA77205CFBB200AF3198 /* Debug */,
				9529EA78205CFBB200AF3198 /* Release */,
			);
			defaultConfigurationIsVisible = 0;
			defaultConfigurationName = Release;
		};
		9529EA79205CFBB200AF3198 /* Build configuration list for PBXNativeTarget "BullCowGameMac" */ = {
			isa = XCConfigurationList;
			buildConfigurations = (
				9529EA7A205CFBB200AF3198 /* Debug */,
				9529EA7B205CFBB200AF3198 /* Release */,
			);
			defaultConfigurationIsVisible = 0;
			defaultConfigurationName = Release;
		};
/* End XCConfigurationList section */
	};
	rootObject = 9529EA6A205CFBB200AF3198 /* Project object */;
}
